
Microsoft Visual Studio Solution File, Format Version 12.00
# Visual Studio Version 17
VisualStudioVersion = 17.3.32922.545
MinimumVisualStudioVersion = 10.0.40219.1
Project("{FAE04EC0-301F-11D3-BF4B-00C04F79EFBC}") = "ESNMatcherCreator", "ESNMatcherCreator\ESNMatcherCreator.csproj", "{4C91BD3D-2EEB-41B4-880F-0648015D0B0F}"
EndProject
Global
	GlobalSection(SolutionConfigurationPlatforms) = preSolution
		Debug|Any CPU = Debug|Any CPU
		Release|Any CPU = Release|Any CPU
	EndGlobalSection
	GlobalSection(ProjectConfigurationPlatforms) = postSolution
		{4C91BD3D-2EEB-41B4-880F-0648015D0B0F}.Debug|Any CPU.ActiveCfg = Debug|Any CPU
		{4C91BD3D-2EEB-41B4-880F-0648015D0B0F}.Debug|Any CPU.Build.0 = Debug|Any CPU
		{4C91BD3D-2EEB-41B4-880F-0648015D0B0F}.Release|Any CPU.ActiveCfg = Release|Any CPU
		{4C91BD3D-2EEB-41B4-880F-0648015D0B0F}.Release|Any CPU.Build.0 = Release|Any CPU
	EndGlobalSection
	GlobalSection(SolutionProperties) = preSolution
		HideSolutionNode = FALSE
	EndGlobalSection
	GlobalSection(ExtensibilityGlobals) = postSolution
		SolutionGuid = {596745B6-21A4-4DAD-8F70-38685E44C60C}
	EndGlobalSection
EndGlobal
